---
sources:
- name: ruby/gem_rbs_collection
  remote: https://github.com/ruby/gem_rbs_collection.git
  revision: main
  repo_dir: gems
path: ".gem_rbs_collection"
gems:
- name: optparse
  version: '0'
  source:
    type: stdlib
- name: json
  version: '0'
  source:
    type: stdlib
- name: pathname
  version: '0'
  source:
    type: stdlib
- name: date
  version: '0'
  source:
    type: stdlib
- name: time
  version: '0'
  source:
    type: stdlib
- name: set
  version: '0'
  source:
    type: stdlib
- name: activesupport
  version: '7.0'
  source:
    type: git
    name: ruby/gem_rbs_collection
    revision: 34275028974d6352fe7666a6e833def7a6efb4a5
    remote: https://github.com/ruby/gem_rbs_collection.git
    repo_dir: gems
- name: actionmailer
  version: '7.0'
  source:
    type: git
    name: ruby/gem_rbs_collection
    revision: 34275028974d6352fe7666a6e833def7a6efb4a5
    remote: https://github.com/ruby/gem_rbs_collection.git
    repo_dir: gems
- name: actionpack
  version: '6.0'
  source:
    type: git
    name: ruby/gem_rbs_collection
    revision: 34275028974d6352fe7666a6e833def7a6efb4a5
    remote: https://github.com/ruby/gem_rbs_collection.git
    repo_dir: gems
- name: actionview
  version: '6.0'
  source:
    type: git
    name: ruby/gem_rbs_collection
    revision: 34275028974d6352fe7666a6e833def7a6efb4a5
    remote: https://github.com/ruby/gem_rbs_collection.git
    repo_dir: gems
- name: activejob
  version: '6.0'
  source:
    type: git
    name: ruby/gem_rbs_collection
    revision: 34275028974d6352fe7666a6e833def7a6efb4a5
    remote: https://github.com/ruby/gem_rbs_collection.git
    repo_dir: gems
- name: activemodel
  version: '6.0'
  source:
    type: git
    name: ruby/gem_rbs_collection
    revision: 34275028974d6352fe7666a6e833def7a6efb4a5
    remote: https://github.com/ruby/gem_rbs_collection.git
    repo_dir: gems
- name: activerecord
  version: '6.1'
  source:
    type: git
    name: ruby/gem_rbs_collection
    revision: 34275028974d6352fe7666a6e833def7a6efb4a5
    remote: https://github.com/ruby/gem_rbs_collection.git
    repo_dir: gems
- name: activestorage
  version: '6.1'
  source:
    type: git
    name: ruby/gem_rbs_collection
    revision: 34275028974d6352fe7666a6e833def7a6efb4a5
    remote: https://github.com/ruby/gem_rbs_collection.git
    repo_dir: gems
- name: concurrent-ruby
  version: '1.1'
  source:
    type: git
    name: ruby/gem_rbs_collection
    revision: 34275028974d6352fe7666a6e833def7a6efb4a5
    remote: https://github.com/ruby/gem_rbs_collection.git
    repo_dir: gems
- name: csv
  version: '0'
  source:
    type: stdlib
- name: fileutils
  version: '0'
  source:
    type: stdlib
- name: globalid
  version: '1.1'
  source:
    type: git
    name: ruby/gem_rbs_collection
    revision: 34275028974d6352fe7666a6e833def7a6efb4a5
    remote: https://github.com/ruby/gem_rbs_collection.git
    repo_dir: gems
- name: i18n
  version: '1.10'
  source:
    type: git
    name: ruby/gem_rbs_collection
    revision: 34275028974d6352fe7666a6e833def7a6efb4a5
    remote: https://github.com/ruby/gem_rbs_collection.git
    repo_dir: gems
- name: logger
  version: '0'
  source:
    type: stdlib
- name: minitest
  version: '0'
  source:
    type: stdlib
- name: rack
  version: '2.2'
  source:
    type: git
    name: ruby/gem_rbs_collection
    revision: 34275028974d6352fe7666a6e833def7a6efb4a5
    remote: https://github.com/ruby/gem_rbs_collection.git
    repo_dir: gems
- name: rails-dom-testing
  version: '2.0'
  source:
    type: git
    name: ruby/gem_rbs_collection
    revision: 34275028974d6352fe7666a6e833def7a6efb4a5
    remote: https://github.com/ruby/gem_rbs_collection.git
    repo_dir: gems
- name: railties
  version: '6.0'
  source:
    type: git
    name: ruby/gem_rbs_collection
    revision: 34275028974d6352fe7666a6e833def7a6efb4a5
    remote: https://github.com/ruby/gem_rbs_collection.git
    repo_dir: gems
- name: securerandom
  version: '0'
  source:
    type: stdlib
- name: strscan
  version: '0'
  source:
    type: stdlib
- name: timeout
  version: '0'
  source:
    type: stdlib
- name: monitor
  version: '0'
  source:
    type: stdlib
- name: mutex_m
  version: '0'
  source:
    type: stdlib
- name: singleton
  version: '0'
  source:
    type: stdlib
- name: cgi
  version: '0'
  source:
    type: stdlib
- name: tsort
  version: '0'
  source:
    type: stdlib
- name: tempfile
  version: '0'
  source:
    type: stdlib
- name: forwardable
  version: '0'
  source:
    type: stdlib
- name: uri
  version: '0'
  source:
    type: stdlib
gemfile_lock_path: Gemfile.lock
